<?xml version="1.0" encoding="utf-8"?>
<Project ToolsVersion="4.0" xmlns="http://schemas.microsoft.com/developer/msbuild/2003">
  <ItemGroup>
    <Filter Include="Source Files">
      <UniqueIdentifier>{bc5e8ab3-e8d7-4add-917c-031f243c33f2}</UniqueIdentifier>
      <Extensions>cpp;c;cxx;rc;def;r;odl;idl;hpj;bat</Extensions>
    </Filter>
    <Filter Include="Header Files">
      <UniqueIdentifier>{e040a9d1-4d47-447c-a80d-aedf116b7aef}</UniqueIdentifier>
      <Extensions>h;hpp;hxx;hm;inl</Extensions>
    </Filter>
    <Filter Include="Resource Files">
      <UniqueIdentifier>{908769ef-538d-42e6-9f3f-45d1b9138348}</UniqueIdentifier>
      <Extensions>ico;cur;bmp;dlg;rc2;rct;bin;rgs;gif;jpg;jpeg;jpe</Extensions>
    </Filter>
  </ItemGroup>
  <ItemGroup>
    <ClCompile Include="Column.cpp">
      <Filter>Source Files</Filter>
    </ClCompile>
    <ClCompile Include="..\Headers\DragList.cpp">
      <Filter>Source Files</Filter>
    </ClCompile>
    <ClCompile Include="EditFirm.cpp">
      <Filter>Source Files</Filter>
    </ClCompile>
    <ClCompile Include="EditUnit.cpp">
      <Filter>Source Files</Filter>
    </ClCompile>
    <ClCompile Include="Filter.cpp">
      <Filter>Source Files</Filter>
    </ClCompile>
    <ClCompile Include="Group.cpp">
      <Filter>Source Files</Filter>
    </ClCompile>
    <ClCompile Include="..\Headers\IconList.cpp">
      <Filter>Source Files</Filter>
    </ClCompile>
    <ClCompile Include="ListView.cpp">
      <Filter>Source Files</Filter>
    </ClCompile>
    <ClCompile Include="Main.cpp">
      <Filter>Source Files</Filter>
    </ClCompile>
    <ClCompile Include="..\Headers\MemBit.cpp">
      <Filter>Source Files</Filter>
    </ClCompile>
    <ClCompile Include="mytapi.cpp">
      <Filter>Source Files</Filter>
    </ClCompile>
    <ClCompile Include="OldVers.cpp">
      <Filter>Source Files</Filter>
    </ClCompile>
    <ClCompile Include="Print.cpp">
      <Filter>Source Files</Filter>
    </ClCompile>
    <ClCompile Include="Search.cpp">
      <Filter>Source Files</Filter>
    </ClCompile>
    <ClCompile Include="ToDnev.cpp">
      <Filter>Source Files</Filter>
    </ClCompile>
    <ClCompile Include="..\Headers\ToolBar.cpp">
      <Filter>Source Files</Filter>
    </ClCompile>
    <ClCompile Include="Units.cpp">
      <Filter>Source Files</Filter>
    </ClCompile>
  </ItemGroup>
  <ItemGroup>
    <ResourceCompile Include="res\res.rc">
      <Filter>Source Files</Filter>
    </ResourceCompile>
  </ItemGroup>
  <ItemGroup>
    <ClInclude Include="Column.h">
      <Filter>Header Files</Filter>
    </ClInclude>
    <ClInclude Include="..\Headers\const.h">
      <Filter>Header Files</Filter>
    </ClInclude>
    <ClInclude Include="..\Headers\DragList.h">
      <Filter>Header Files</Filter>
    </ClInclude>
    <ClInclude Include="EditFirm.h">
      <Filter>Header Files</Filter>
    </ClInclude>
    <ClInclude Include="EditUnit.h">
      <Filter>Header Files</Filter>
    </ClInclude>
    <ClInclude Include="..\Headers\exChange.h">
      <Filter>Header Files</Filter>
    </ClInclude>
    <ClInclude Include="Filter.h">
      <Filter>Header Files</Filter>
    </ClInclude>
    <ClInclude Include="..\Headers\general.h">
      <Filter>Header Files</Filter>
    </ClInclude>
    <ClInclude Include="Group.h">
      <Filter>Header Files</Filter>
    </ClInclude>
    <ClInclude Include="..\Headers\IconList.h">
      <Filter>Header Files</Filter>
    </ClInclude>
    <ClInclude Include="ListView.h">
      <Filter>Header Files</Filter>
    </ClInclude>
    <ClInclude Include="..\Headers\MemBit.h">
      <Filter>Header Files</Filter>
    </ClInclude>
    <ClInclude Include="mytapi.h">
      <Filter>Header Files</Filter>
    </ClInclude>
    <ClInclude Include="OldVers.h">
      <Filter>Header Files</Filter>
    </ClInclude>
    <ClInclude Include="Print.h">
      <Filter>Header Files</Filter>
    </ClInclude>
    <ClInclude Include="res\resource.h">
      <Filter>Header Files</Filter>
    </ClInclude>
    <ClInclude Include="Search.h">
      <Filter>Header Files</Filter>
    </ClInclude>
    <ClInclude Include="ToDnev.h">
      <Filter>Header Files</Filter>
    </ClInclude>
    <ClInclude Include="..\Headers\ToolBar.h">
      <Filter>Header Files</Filter>
    </ClInclude>
    <ClInclude Include="Units.h">
      <Filter>Header Files</Filter>
    </ClInclude>
  </ItemGroup>
  <ItemGroup>
    <Image Include="res\ad.ico">
      <Filter>Resource Files</Filter>
    </Image>
    <Image Include="res\bitmap1.bmp">
      <Filter>Resource Files</Filter>
    </Image>
    <Image Include="res\bmp00001.bmp">
      <Filter>Resource Files</Filter>
    </Image>
    <Image Include="res\bmp00002.bmp">
      <Filter>Resource Files</Filter>
    </Image>
    <Image Include="res\bmp00003.bmp">
      <Filter>Resource Files</Filter>
    </Image>
    <Image Include="res\bmp00004.bmp">
      <Filter>Resource Files</Filter>
    </Image>
    <Image Include="res\bmp00005.bmp">
      <Filter>Resource Files</Filter>
    </Image>
    <Image Include="res\bmp00006.bmp">
      <Filter>Resource Files</Filter>
    </Image>
    <Image Include="res\bmp00007.bmp">
      <Filter>Resource Files</Filter>
    </Image>
    <Image Include="res\bmp00008.bmp">
      <Filter>Resource Files</Filter>
    </Image>
    <Image Include="res\boy.ico">
      <Filter>Resource Files</Filter>
    </Image>
    <Image Include="res\girl.ico">
      <Filter>Resource Files</Filter>
    </Image>
    <Image Include="res\gman.ico">
      <Filter>Resource Files</Filter>
    </Image>
    <Image Include="res\gwoman.ico">
      <Filter>Resource Files</Filter>
    </Image>
    <Image Include="res\icon1.ico">
      <Filter>Resource Files</Filter>
    </Image>
    <Image Include="res\icon2.ico">
      <Filter>Resource Files</Filter>
    </Image>
    <Image Include="res\icon3.ico">
      <Filter>Resource Files</Filter>
    </Image>
    <Image Include="res\imen1.bmp">
      <Filter>Resource Files</Filter>
    </Image>
    <Image Include="res\l.ico">
      <Filter>Resource Files</Filter>
    </Image>
    <Image Include="res\man.ico">
      <Filter>Resource Files</Filter>
    </Image>
    <Image Include="res\no.ico">
      <Filter>Resource Files</Filter>
    </Image>
    <Image Include="res\NOTE15.ICO">
      <Filter>Resource Files</Filter>
    </Image>
    <Image Include="res\pp.ico">
      <Filter>Resource Files</Filter>
    </Image>
    <Image Include="res\pp1.ico">
      <Filter>Resource Files</Filter>
    </Image>
    <Image Include="res\woman.ico">
      <Filter>Resource Files</Filter>
    </Image>
    <Image Include="res\work.ico">
      <Filter>Resource Files</Filter>
    </Image>
  </ItemGroup>
</Project>