<?xml version="1.0" encoding="utf-8"?>
<Project ToolsVersion="4.0" xmlns="http://schemas.microsoft.com/developer/msbuild/2003">
  <ItemGroup>
    <Filter Include="Source Files">
      <UniqueIdentifier>{097010e2-f42c-49fd-8b17-ff324be9685b}</UniqueIdentifier>
      <Extensions>cpp;c;cxx;rc;def;r;odl;idl;hpj;bat</Extensions>
    </Filter>
    <Filter Include="Header Files">
      <UniqueIdentifier>{332ecf01-089e-4b57-80ed-e6bc4250dedd}</UniqueIdentifier>
      <Extensions>h;hpp;hxx;hm;inl</Extensions>
    </Filter>
    <Filter Include="Resource Files">
      <UniqueIdentifier>{074bfedb-0b97-43a2-b012-a2324c7bc549}</UniqueIdentifier>
      <Extensions>ico;cur;bmp;dlg;rc2;rct;bin;rgs;gif;jpg;jpeg;jpe</Extensions>
    </Filter>
  </ItemGroup>
  <ItemGroup>
    <ClCompile Include="..\Headers\BitMenu.cpp">
      <Filter>Source Files</Filter>
    </ClCompile>
    <ClCompile Include="..\Headers\ExTreeView.cpp">
      <Filter>Source Files</Filter>
    </ClCompile>
    <ClCompile Include="Login.cpp">
      <Filter>Source Files</Filter>
    </ClCompile>
    <ClCompile Include="Magic.cpp">
      <Filter>Source Files</Filter>
    </ClCompile>
    <ClCompile Include="Main.cpp">
      <Filter>Source Files</Filter>
    </ClCompile>
    <ClCompile Include="..\OrgPanel\ToolBar.cpp">
      <Filter>Source Files</Filter>
    </ClCompile>
    <ClCompile Include="Units.cpp">
      <Filter>Source Files</Filter>
    </ClCompile>
    <ClCompile Include="Utils.cpp">
      <Filter>Source Files</Filter>
    </ClCompile>
  </ItemGroup>
  <ItemGroup>
    <ClInclude Include="..\Headers\BitMenu.h">
      <Filter>Header Files</Filter>
    </ClInclude>
    <ClInclude Include="..\Headers\const.h">
      <Filter>Header Files</Filter>
    </ClInclude>
    <ClInclude Include="..\Headers\DynList.h">
      <Filter>Header Files</Filter>
    </ClInclude>
    <ClInclude Include="..\Headers\ExTreeView.h">
      <Filter>Header Files</Filter>
    </ClInclude>
    <ClInclude Include="..\Headers\general.h">
      <Filter>Header Files</Filter>
    </ClInclude>
    <ClInclude Include="Login.h">
      <Filter>Header Files</Filter>
    </ClInclude>
    <ClInclude Include="Magic.h">
      <Filter>Header Files</Filter>
    </ClInclude>
    <ClInclude Include="Res\resource.h">
      <Filter>Header Files</Filter>
    </ClInclude>
    <ClInclude Include="..\OrgPanel\ToolBar.h">
      <Filter>Header Files</Filter>
    </ClInclude>
    <ClInclude Include="Units.h">
      <Filter>Header Files</Filter>
    </ClInclude>
    <ClInclude Include="Utils.h">
      <Filter>Header Files</Filter>
    </ClInclude>
  </ItemGroup>
  <ItemGroup>
    <Image Include="Res\backкопирование.bmp">
      <Filter>Resource Files</Filter>
    </Image>
    <Image Include="Res\bitmap1.bmp">
      <Filter>Resource Files</Filter>
    </Image>
    <Image Include="Res\bitmap2.bmp">
      <Filter>Resource Files</Filter>
    </Image>
    <Image Include="Res\bmp00001.bmp">
      <Filter>Resource Files</Filter>
    </Image>
    <Image Include="Res\bmp00002.bmp">
      <Filter>Resource Files</Filter>
    </Image>
    <Image Include="Res\bmp00003.bmp">
      <Filter>Resource Files</Filter>
    </Image>
    <Image Include="Res\bmp00004.bmp">
      <Filter>Resource Files</Filter>
    </Image>
    <Image Include="Res\bmp00005.bmp">
      <Filter>Resource Files</Filter>
    </Image>
    <Image Include="Res\bmp00006.bmp">
      <Filter>Resource Files</Filter>
    </Image>
    <Image Include="Res\bmp00007.bmp">
      <Filter>Resource Files</Filter>
    </Image>
    <Image Include="Res\bmp00008.bmp">
      <Filter>Resource Files</Filter>
    </Image>
    <Image Include="Res\bmp00009.bmp">
      <Filter>Resource Files</Filter>
    </Image>
    <Image Include="Res\bmp00010.bmp">
      <Filter>Resource Files</Filter>
    </Image>
    <Image Include="Res\dd3.bmp">
      <Filter>Resource Files</Filter>
    </Image>
    <Image Include="Res\icon1.ico">
      <Filter>Resource Files</Filter>
    </Image>
    <Image Include="Res\untitled.bmp">
      <Filter>Resource Files</Filter>
    </Image>
    <Image Include="Res\wiz.bmp">
      <Filter>Resource Files</Filter>
    </Image>
  </ItemGroup>
  <ItemGroup>
    <ResourceCompile Include="Res\res.rc">
      <Filter>Resource Files</Filter>
    </ResourceCompile>
  </ItemGroup>
  <ItemGroup>
    <CustomBuild Include="Res\drag.cur">
      <Filter>Resource Files</Filter>
    </CustomBuild>
  </ItemGroup>
</Project>