<?xml version="1.0" encoding="utf-8"?>
<Project ToolsVersion="4.0" xmlns="http://schemas.microsoft.com/developer/msbuild/2003">
  <ItemGroup>
    <Filter Include="Source Files">
      <UniqueIdentifier>{f21929b4-36bb-4c86-b917-63c4a4202858}</UniqueIdentifier>
      <Extensions>cpp;c;cxx;rc;def;r;odl;idl;hpj;bat</Extensions>
    </Filter>
    <Filter Include="Header Files">
      <UniqueIdentifier>{b250be1b-9a97-4d86-86ae-9db3c4822da4}</UniqueIdentifier>
      <Extensions>h;hpp;hxx;hm;inl</Extensions>
    </Filter>
    <Filter Include="Resource Files">
      <UniqueIdentifier>{02e0251a-447c-4c6d-9ba3-1bcdc0bd2cc3}</UniqueIdentifier>
      <Extensions>ico;cur;bmp;dlg;rc2;rct;bin;rgs;gif;jpg;jpeg;jpe</Extensions>
    </Filter>
  </ItemGroup>
  <ItemGroup>
    <ClCompile Include="about.cpp">
      <Filter>Source Files</Filter>
    </ClCompile>
    <ClCompile Include="Bio.cpp">
      <Filter>Source Files</Filter>
    </ClCompile>
    <ClCompile Include="Calendar.cpp">
      <Filter>Source Files</Filter>
    </ClCompile>
    <ClCompile Include="Classes.cpp">
      <Filter>Source Files</Filter>
    </ClCompile>
    <ClCompile Include="Dialogs.cpp">
      <Filter>Source Files</Filter>
    </ClCompile>
    <ClCompile Include="fltext.cpp">
      <Filter>Source Files</Filter>
    </ClCompile>
    <ClCompile Include="Imen.cpp">
      <Filter>Source Files</Filter>
    </ClCompile>
    <ClCompile Include="Main.cpp">
      <Filter>Source Files</Filter>
    </ClCompile>
    <ClCompile Include="..\Headers\MemBit.cpp">
      <Filter>Source Files</Filter>
    </ClCompile>
    <ClCompile Include="MyRich.cpp">
      <Filter>Source Files</Filter>
    </ClCompile>
    <ClCompile Include="MyUtils.cpp">
      <Filter>Source Files</Filter>
    </ClCompile>
    <ClCompile Include="pass.cpp">
      <Filter>Source Files</Filter>
    </ClCompile>
    <ClCompile Include="RegUnit.cpp">
      <Filter>Source Files</Filter>
    </ClCompile>
    <ClCompile Include="SensorLb.cpp">
      <Filter>Source Files</Filter>
    </ClCompile>
    <ClCompile Include="textf.cpp">
      <Filter>Source Files</Filter>
    </ClCompile>
    <ClCompile Include="ToolBar.cpp">
      <Filter>Source Files</Filter>
    </ClCompile>
  </ItemGroup>
  <ItemGroup>
    <ResourceCompile Include="res\res.rc">
      <Filter>Source Files</Filter>
    </ResourceCompile>
  </ItemGroup>
  <ItemGroup>
    <ClInclude Include="Calendar.h">
      <Filter>Header Files</Filter>
    </ClInclude>
    <ClInclude Include="Classes.h">
      <Filter>Header Files</Filter>
    </ClInclude>
    <ClInclude Include="..\Headers\const.h">
      <Filter>Header Files</Filter>
    </ClInclude>
    <ClInclude Include="fltext.h">
      <Filter>Header Files</Filter>
    </ClInclude>
    <ClInclude Include="..\Headers\general.h">
      <Filter>Header Files</Filter>
    </ClInclude>
    <ClInclude Include="..\Headers\MemBit.h">
      <Filter>Header Files</Filter>
    </ClInclude>
    <ClInclude Include="MyRich.h">
      <Filter>Header Files</Filter>
    </ClInclude>
    <ClInclude Include="RegUnit.h">
      <Filter>Header Files</Filter>
    </ClInclude>
    <ClInclude Include="SensorLb.h">
      <Filter>Header Files</Filter>
    </ClInclude>
    <ClInclude Include="textf.h">
      <Filter>Header Files</Filter>
    </ClInclude>
    <ClInclude Include="ToolBar.h">
      <Filter>Header Files</Filter>
    </ClInclude>
  </ItemGroup>
  <ItemGroup>
    <Image Include="res\bitmap2.bmp">
      <Filter>Resource Files</Filter>
    </Image>
    <Image Include="res\bmp00001.bmp">
      <Filter>Resource Files</Filter>
    </Image>
    <Image Include="res\bmp00002.BMP">
      <Filter>Resource Files</Filter>
    </Image>
    <Image Include="res\bmp00006.bmp">
      <Filter>Resource Files</Filter>
    </Image>
    <Image Include="res\bmp00008.bmp">
      <Filter>Resource Files</Filter>
    </Image>
    <Image Include="res\ico00001.ico">
      <Filter>Resource Files</Filter>
    </Image>
    <Image Include="res\icon1.ico">
      <Filter>Resource Files</Filter>
    </Image>
    <Image Include="res\left1.ico">
      <Filter>Resource Files</Filter>
    </Image>
    <Image Include="res\left3.ico">
      <Filter>Resource Files</Filter>
    </Image>
    <Image Include="res\logo2.BMP">
      <Filter>Resource Files</Filter>
    </Image>
    <Image Include="res\pp.bmp">
      <Filter>Resource Files</Filter>
    </Image>
    <Image Include="res\pp0.bmp">
      <Filter>Resource Files</Filter>
    </Image>
    <Image Include="res\pp2.BMP">
      <Filter>Resource Files</Filter>
    </Image>
    <Image Include="res\pp4.ico">
      <Filter>Resource Files</Filter>
    </Image>
    <Image Include="res\rig.bmp">
      <Filter>Resource Files</Filter>
    </Image>
    <Image Include="res\right1.bmp">
      <Filter>Resource Files</Filter>
    </Image>
    <Image Include="res\right3.bmp">
      <Filter>Resource Files</Filter>
    </Image>
    <Image Include="res\uu0.bmp">
      <Filter>Resource Files</Filter>
    </Image>
  </ItemGroup>
  <ItemGroup>
    <Media Include="res\start.wav" />
  </ItemGroup>
  <ItemGroup>
    <CustomBuild Include="OrgPanel.DEF">
      <Filter>Source Files</Filter>
    </CustomBuild>
    <CustomBuild Include="res\32766.cur">
      <Filter>Resource Files</Filter>
    </CustomBuild>
    <CustomBuild Include="res\32767.cur">
      <Filter>Resource Files</Filter>
    </CustomBuild>
    <CustomBuild Include="res\dat1.bin">
      <Filter>Resource Files</Filter>
    </CustomBuild>
    <CustomBuild Include="res\hand.cur">
      <Filter>Resource Files</Filter>
    </CustomBuild>
    <CustomBuild Include="res\imen.dat" />
  </ItemGroup>
</Project>